// !$*UTF8*$!
{
	archiveVersion = 1;
	classes = {
	};
	objectVersion = 50;
	objects = {

/* Begin PBXBuildFile section */
		BC20D466221F420E0079C977 /* enrollment.cpp in Sources */ = {isa = PBXBuildFile; fileRef = BC20D464221F420E0079C977 /* enrollment.cpp */; };
		BC20D469221F422C0079C977 /* course.cpp in Sources */ = {isa = PBXBuildFile; fileRef = BC20D467221F422C0079C977 /* course.cpp */; };
		BC20D46C221F42370079C977 /* student.cpp in Sources */ = {isa = PBXBuildFile; fileRef = BC20D46A221F42370079C977 /* student.cpp */; };
		BC20D46F221F42530079C977 /* courses.cpp in Sources */ = {isa = PBXBuildFile; fileRef = BC20D46D221F42530079C977 /* courses.cpp */; };
		BC20D472221F425E0079C977 /* students.cpp in Sources */ = {isa = PBXBuildFile; fileRef = BC20D470221F425E0079C977 /* students.cpp */; };
		BC20D475221F42670079C977 /* enrollments.cpp in Sources */ = {isa = PBXBuildFile; fileRef = BC20D473221F42670079C977 /* enrollments.cpp */; };
		BCCD0D732214C77900F0AA7A /* main.cpp in Sources */ = {isa = PBXBuildFile; fileRef = BCCD0D722214C77900F0AA7A /* main.cpp */; };
/* End PBXBuildFile section */

/* Begin PBXCopyFilesBuildPhase section */
		BCCD0D6D2214C77900F0AA7A /* CopyFiles */ = {
			isa = PBXCopyFilesBuildPhase;
			buildActionMask = 2147483647;
			dstPath = /usr/share/man/man1/;
			dstSubfolderSpec = 0;
			files = (
			);
			runOnlyForDeploymentPostprocessing = 1;
		};
/* End PBXCopyFilesBuildPhase section */

/* Begin PBXFileReference section */
		BC20D464221F420E0079C977 /* enrollment.cpp */ = {isa = PBXFileReference; lastKnownFileType = sourcecode.cpp.cpp; path = enrollment.cpp; sourceTree = "<group>"; };
		BC20D465221F420E0079C977 /* enrollment.hpp */ = {isa = PBXFileReference; lastKnownFileType = sourcecode.cpp.h; path = enrollment.hpp; sourceTree = "<group>"; };
		BC20D467221F422C0079C977 /* course.cpp */ = {isa = PBXFileReference; lastKnownFileType = sourcecode.cpp.cpp; path = course.cpp; sourceTree = "<group>"; };
		BC20D468221F422C0079C977 /* course.hpp */ = {isa = PBXFileReference; lastKnownFileType = sourcecode.cpp.h; path = course.hpp; sourceTree = "<group>"; };
		BC20D46A221F42370079C977 /* student.cpp */ = {isa = PBXFileReference; lastKnownFileType = sourcecode.cpp.cpp; path = student.cpp; sourceTree = "<group>"; };
		BC20D46B221F42370079C977 /* student.hpp */ = {isa = PBXFileReference; lastKnownFileType = sourcecode.cpp.h; path = student.hpp; sourceTree = "<group>"; };
		BC20D46D221F42530079C977 /* courses.cpp */ = {isa = PBXFileReference; lastKnownFileType = sourcecode.cpp.cpp; path = courses.cpp; sourceTree = "<group>"; };
		BC20D46E221F42530079C977 /* courses.hpp */ = {isa = PBXFileReference; lastKnownFileType = sourcecode.cpp.h; path = courses.hpp; sourceTree = "<group>"; };
		BC20D470221F425E0079C977 /* students.cpp */ = {isa = PBXFileReference; lastKnownFileType = sourcecode.cpp.cpp; path = students.cpp; sourceTree = "<group>"; };
		BC20D471221F425E0079C977 /* students.hpp */ = {isa = PBXFileReference; lastKnownFileType = sourcecode.cpp.h; path = students.hpp; sourceTree = "<group>"; };
		BC20D473221F42670079C977 /* enrollments.cpp */ = {isa = PBXFileReference; lastKnownFileType = sourcecode.cpp.cpp; path = enrollments.cpp; sourceTree = "<group>"; };
		BC20D474221F42670079C977 /* enrollments.hpp */ = {isa = PBXFileReference; lastKnownFileType = sourcecode.cpp.h; path = enrollments.hpp; sourceTree = "<group>"; };
		BCCD0D6F2214C77900F0AA7A /* csce1040Homework2 */ = {isa = PBXFileReference; explicitFileType = "compiled.mach-o.executable"; includeInIndex = 0; path = csce1040Homework2; sourceTree = BUILT_PRODUCTS_DIR; };
		BCCD0D722214C77900F0AA7A /* main.cpp */ = {isa = PBXFileReference; lastKnownFileType = sourcecode.cpp.cpp; path = main.cpp; sourceTree = "<group>"; };
		BCCD0D792214C7A100F0AA7A /* README.md */ = {isa = PBXFileReference; lastKnownFileType = net.daringfireball.markdown; path = README.md; sourceTree = "<group>"; xcLanguageSpecificationIdentifier = xcode.lang.markdown; };
/* End PBXFileReference section */

/* Begin PBXFrameworksBuildPhase section */
		BCCD0D6C2214C77900F0AA7A /* Frameworks */ = {
			isa = PBXFrameworksBuildPhase;
			buildActionMask = 2147483647;
			files = (
			);
			runOnlyForDeploymentPostprocessing = 0;
		};
/* End PBXFrameworksBuildPhase section */

/* Begin PBXGroup section */
		BCCD0D662214C77900F0AA7A = {
			isa = PBXGroup;
			children = (
				BCCD0D712214C77900F0AA7A /* csce1040Homework2 */,
				BCCD0D702214C77900F0AA7A /* Products */,
			);
			sourceTree = "<group>";
		};
		BCCD0D702214C77900F0AA7A /* Products */ = {
			isa = PBXGroup;
			children = (
				BCCD0D6F2214C77900F0AA7A /* csce1040Homework2 */,
			);
			name = Products;
			sourceTree = "<group>";
		};
		BCCD0D712214C77900F0AA7A /* csce1040Homework2 */ = {
			isa = PBXGroup;
			children = (
				BCCD0D722214C77900F0AA7A /* main.cpp */,
				BCCD0D792214C7A100F0AA7A /* README.md */,
				BC20D464221F420E0079C977 /* enrollment.cpp */,
				BC20D465221F420E0079C977 /* enrollment.hpp */,
				BC20D467221F422C0079C977 /* course.cpp */,
				BC20D468221F422C0079C977 /* course.hpp */,
				BC20D46A221F42370079C977 /* student.cpp */,
				BC20D46B221F42370079C977 /* student.hpp */,
				BC20D470221F425E0079C977 /* students.cpp */,
				BC20D46D221F42530079C977 /* courses.cpp */,
				BC20D46E221F42530079C977 /* courses.hpp */,
				BC20D471221F425E0079C977 /* students.hpp */,
				BC20D473221F42670079C977 /* enrollments.cpp */,
				BC20D474221F42670079C977 /* enrollments.hpp */,
			);
			path = csce1040Homework2;
			sourceTree = "<group>";
		};
/* End PBXGroup section */

/* Begin PBXNativeTarget section */
		BCCD0D6E2214C77900F0AA7A /* csce1040Homework2 */ = {
			isa = PBXNativeTarget;
			buildConfigurationList = BCCD0D762214C77900F0AA7A /* Build configuration list for PBXNativeTarget "csce1040Homework2" */;
			buildPhases = (
				BCCD0D6B2214C77900F0AA7A /* Sources */,
				BCCD0D6C2214C77900F0AA7A /* Frameworks */,
				BCCD0D6D2214C77900F0AA7A /* CopyFiles */,
			);
			buildRules = (
			);
			dependencies = (
			);
			name = csce1040Homework2;
			productName = csce1040Homework2;
			productReference = BCCD0D6F2214C77900F0AA7A /* csce1040Homework2 */;
			productType = "com.apple.product-type.tool";
		};
/* End PBXNativeTarget section */

/* Begin PBXProject section */
		BCCD0D672214C77900F0AA7A /* Project object */ = {
			isa = PBXProject;
			attributes = {
				LastUpgradeCheck = 1010;
				ORGANIZATIONNAME = "Andrew Sansom";
				TargetAttributes = {
					BCCD0D6E2214C77900F0AA7A = {
						CreatedOnToolsVersion = 10.1;
					};
				};
			};
			buildConfigurationList = BCCD0D6A2214C77900F0AA7A /* Build configuration list for PBXProject "csce1040Homework2" */;
			compatibilityVersion = "Xcode 9.3";
			developmentRegion = en;
			hasScannedForEncodings = 0;
			knownRegions = (
				en,
			);
			mainGroup = BCCD0D662214C77900F0AA7A;
			productRefGroup = BCCD0D702214C77900F0AA7A /* Products */;
			projectDirPath = "";
			projectRoot = "";
			targets = (
				BCCD0D6E2214C77900F0AA7A /* csce1040Homework2 */,
			);
		};
/* End PBXProject section */

/* Begin PBXSourcesBuildPhase section */
		BCCD0D6B2214C77900F0AA7A /* Sources */ = {
			isa = PBXSourcesBuildPhase;
			buildActionMask = 2147483647;
			files = (
				BCCD0D732214C77900F0AA7A /* main.cpp in Sources */,
				BC20D46F221F42530079C977 /* courses.cpp in Sources */,
				BC20D475221F42670079C977 /* enrollments.cpp in Sources */,
				BC20D466221F420E0079C977 /* enrollment.cpp in Sources */,
				BC20D472221F425E0079C977 /* students.cpp in Sources */,
				BC20D469221F422C0079C977 /* course.cpp in Sources */,
				BC20D46C221F42370079C977 /* student.cpp in Sources */,
			);
			runOnlyForDeploymentPostprocessing = 0;
		};
/* End PBXSourcesBuildPhase section */

/* Begin XCBuildConfiguration section */
		BCCD0D742214C77900F0AA7A /* Debug */ = {
			isa = XCBuildConfiguration;
			buildSettings = {
				ALWAYS_SEARCH_USER_PATHS = NO;
				CLANG_ANALYZER_NONNULL = YES;
				CLANG_ANALYZER_NUMBER_OBJECT_CONVERSION = YES_AGGRESSIVE;
				CLANG_CXX_LANGUAGE_STANDARD = "gnu++14";
				CLANG_CXX_LIBRARY = "libc++";
				CLANG_ENABLE_MODULES = YES;
				CLANG_ENABLE_OBJC_ARC = YES;
				CLANG_ENABLE_OBJC_WEAK = YES;
				CLANG_WARN_BLOCK_CAPTURE_AUTORELEASING = YES;
				CLANG_WARN_BOOL_CONVERSION = YES;
				CLANG_WARN_COMMA = YES;
				CLANG_WARN_CONSTANT_CONVERSION = YES;
				CLANG_WARN_DEPRECATED_OBJC_IMPLEMENTATIONS = YES;
				CLANG_WARN_DIRECT_OBJC_ISA_USAGE = YES_ERROR;
				CLANG_WARN_DOCUMENTATION_COMMENTS = YES;
				CLANG_WARN_EMPTY_BODY = YES;
				CLANG_WARN_ENUM_CONVERSION = YES;
				CLANG_WARN_INFINITE_RECURSION = YES;
				CLANG_WARN_INT_CONVERSION = YES;
				CLANG_WARN_NON_LITERAL_NULL_CONVERSION = YES;
				CLANG_WARN_OBJC_IMPLICIT_RETAIN_SELF = YES;
				CLANG_WARN_OBJC_LITERAL_CONVERSION = YES;
				CLANG_WARN_OBJC_ROOT_CLASS = YES_ERROR;
				CLANG_WARN_RANGE_LOOP_ANALYSIS = YES;
				CLANG_WARN_STRICT_PROTOTYPES = YES;
				CLANG_WARN_SUSPICIOUS_MOVE = YES;
				CLANG_WARN_UNGUARDED_AVAILABILITY = YES_AGGRESSIVE;
				CLANG_WARN_UNREACHABLE_CODE = YES;
				CLANG_WARN__DUPLICATE_METHOD_MATCH = YES;
				CODE_SIGN_IDENTITY = "Mac Developer";
				COPY_PHASE_STRIP = NO;
				DEBUG_INFORMATION_FORMAT = dwarf;
				ENABLE_STRICT_OBJC_MSGSEND = YES;
				ENABLE_TESTABILITY = YES;
				GCC_C_LANGUAGE_STANDARD = gnu11;
				GCC_DYNAMIC_NO_PIC = NO;
				GCC_NO_COMMON_BLOCKS = YES;
				GCC_OPTIMIZATION_LEVEL = 0;
				GCC_PREPROCESSOR_DEFINITIONS = (
					"DEBUG=1",
					"$(inherited)",
				);
				GCC_WARN_64_TO_32_BIT_CONVERSION = YES;
				GCC_WARN_ABOUT_RETURN_TYPE = YES_ERROR;
				GCC_WARN_UNDECLARED_SELECTOR = YES;
				GCC_WARN_UNINITIALIZED_AUTOS = YES_AGGRESSIVE;
				GCC_WARN_UNUSED_FUNCTION = YES;
				GCC_WARN_UNUSED_VARIABLE = YES;
				MACOSX_DEPLOYMENT_TARGET = 10.14;
				MTL_ENABLE_DEBUG_INFO = INCLUDE_SOURCE;
				MTL_FAST_MATH = YES;
				ONLY_ACTIVE_ARCH = YES;
				SDKROOT = macosx;
			};
			name = Debug;
		};
		BCCD0D752214C77900F0AA7A /* Release */ = {
			isa = XCBuildConfiguration;
			buildSettings = {
				ALWAYS_SEARCH_USER_PATHS = NO;
				CLANG_ANALYZER_NONNULL = YES;
				CLANG_ANALYZER_NUMBER_OBJECT_CONVERSION = YES_AGGRESSIVE;
				CLANG_CXX_LANGUAGE_STANDARD = "gnu++14";
				CLANG_CXX_LIBRARY = "libc++";
				CLANG_ENABLE_MODULES = YES;
				CLANG_ENABLE_OBJC_ARC = YES;
				CLANG_ENABLE_OBJC_WEAK = YES;
				CLANG_WARN_BLOCK_CAPTURE_AUTORELEASING = YES;
				CLANG_WARN_BOOL_CONVERSION = YES;
				CLANG_WARN_COMMA = YES;
				CLANG_WARN_CONSTANT_CONVERSION = YES;
				CLANG_WARN_DEPRECATED_OBJC_IMPLEMENTATIONS = YES;
				CLANG_WARN_DIRECT_OBJC_ISA_USAGE = YES_ERROR;
				CLANG_WARN_DOCUMENTATION_COMMENTS = YES;
				CLANG_WARN_EMPTY_BODY = YES;
				CLANG_WARN_ENUM_CONVERSION = YES;
				CLANG_WARN_INFINITE_RECURSION = YES;
				CLANG_WARN_INT_CONVERSION = YES;
				CLANG_WARN_NON_LITERAL_NULL_CONVERSION = YES;
				CLANG_WARN_OBJC_IMPLICIT_RETAIN_SELF = YES;
				CLANG_WARN_OBJC_LITERAL_CONVERSION = YES;
				CLANG_WARN_OBJC_ROOT_CLASS = YES_ERROR;
				CLANG_WARN_RANGE_LOOP_ANALYSIS = YES;
				CLANG_WARN_STRICT_PROTOTYPES = YES;
				CLANG_WARN_SUSPICIOUS_MOVE = YES;
				CLANG_WARN_UNGUARDED_AVAILABILITY = YES_AGGRESSIVE;
				CLANG_WARN_UNREACHABLE_CODE = YES;
				CLANG_WARN__DUPLICATE_METHOD_MATCH = YES;
				CODE_SIGN_IDENTITY = "Mac Developer";
				COPY_PHASE_STRIP = NO;
				DEBUG_INFORMATION_FORMAT = "dwarf-with-dsym";
				ENABLE_NS_ASSERTIONS = NO;
				ENABLE_STRICT_OBJC_MSGSEND = YES;
				GCC_C_LANGUAGE_STANDARD = gnu11;
				GCC_NO_COMMON_BLOCKS = YES;
				GCC_WARN_64_TO_32_BIT_CONVERSION = YES;
				GCC_WARN_ABOUT_RETURN_TYPE = YES_ERROR;
				GCC_WARN_UNDECLARED_SELECTOR = YES;
				GCC_WARN_UNINITIALIZED_AUTOS = YES_AGGRESSIVE;
				GCC_WARN_UNUSED_FUNCTION = YES;
				GCC_WARN_UNUSED_VARIABLE = YES;
				MACOSX_DEPLOYMENT_TARGET = 10.14;
				MTL_ENABLE_DEBUG_INFO = NO;
				MTL_FAST_MATH = YES;
				SDKROOT = macosx;
			};
			name = Release;
		};
		BCCD0D772214C77900F0AA7A /* Debug */ = {
			isa = XCBuildConfiguration;
			buildSettings = {
				CODE_SIGN_STYLE = Automatic;
				DEVELOPMENT_TEAM = SXJ67SGGGY;
				PRODUCT_NAME = "$(TARGET_NAME)";
			};
			name = Debug;
		};
		BCCD0D782214C77900F0AA7A /* Release */ = {
			isa = XCBuildConfiguration;
			buildSettings = {
				CODE_SIGN_STYLE = Automatic;
				DEVELOPMENT_TEAM = SXJ67SGGGY;
				PRODUCT_NAME = "$(TARGET_NAME)";
			};
			name = Release;
		};
/* End XCBuildConfiguration section */

/* Begin XCConfigurationList section */
		BCCD0D6A2214C77900F0AA7A /* Build configuration list for PBXProject "csce1040Homework2" */ = {
			isa = XCConfigurationList;
			buildConfigurations = (
				BCCD0D742214C77900F0AA7A /* Debug */,
				BCCD0D752214C77900F0AA7A /* Release */,
			);
			defaultConfigurationIsVisible = 0;
			defaultConfigurationName = Release;
		};
		BCCD0D762214C77900F0AA7A /* Build configuration list for PBXNativeTarget "csce1040Homework2" */ = {
			isa = XCConfigurationList;
			buildConfigurations = (
				BCCD0D772214C77900F0AA7A /* Debug */,
				BCCD0D782214C77900F0AA7A /* Release */,
			);
			defaultConfigurationIsVisible = 0;
			defaultConfigurationName = Release;
		};
/* End XCConfigurationList section */
	};
	rootObject = BCCD0D672214C77900F0AA7A /* Project object */;
}
